
Microsoft Visual Studio Solution File, Format Version 12.00
# Visual Studio 15
Project("{FAE04EC0-301F-11D3-BF4B-00C04F79EFBC}") = "AmplifyShaderEditor", "AmplifyShaderEditor.csproj", "{3E5FC84C-6FDA-B111-0709-3D7037E2B1ED}"
EndProject
Project("{FAE04EC0-301F-11D3-BF4B-00C04F79EFBC}") = "Assembly-CSharp-Editor", "Assembly-CSharp-Editor.csproj", "{02F33922-5618-28F8-8A4E-48EB8437AF17}"
EndProject
Project("{FAE04EC0-301F-11D3-BF4B-00C04F79EFBC}") = "Assembly-CSharp", "Assembly-CSharp.csproj", "{FFA67B85-E381-E1FA-03FF-C976F3021E4B}"
EndProject
Global
	GlobalSection(SolutionConfigurationPlatforms) = preSolution
		Debug|Any CPU = Debug|Any CPU
		Release|Any CPU = Release|Any CPU
	EndGlobalSection
	GlobalSection(ProjectConfigurationPlatforms) = postSolution
		{3E5FC84C-6FDA-B111-0709-3D7037E2B1ED}.Debug|Any CPU.ActiveCfg = Debug|Any CPU
		{3E5FC84C-6FDA-B111-0709-3D7037E2B1ED}.Debug|Any CPU.Build.0 = Debug|Any CPU
		{3E5FC84C-6FDA-B111-0709-3D7037E2B1ED}.Release|Any CPU.ActiveCfg = Release|Any CPU
		{3E5FC84C-6FDA-B111-0709-3D7037E2B1ED}.Release|Any CPU.Build.0 = Release|Any CPU
		{02F33922-5618-28F8-8A4E-48EB8437AF17}.Debug|Any CPU.ActiveCfg = Debug|Any CPU
		{02F33922-5618-28F8-8A4E-48EB8437AF17}.Debug|Any CPU.Build.0 = Debug|Any CPU
		{02F33922-5618-28F8-8A4E-48EB8437AF17}.Release|Any CPU.ActiveCfg = Release|Any CPU
		{02F33922-5618-28F8-8A4E-48EB8437AF17}.Release|Any CPU.Build.0 = Release|Any CPU
		{FFA67B85-E381-E1FA-03FF-C976F3021E4B}.Debug|Any CPU.ActiveCfg = Debug|Any CPU
		{FFA67B85-E381-E1FA-03FF-C976F3021E4B}.Debug|Any CPU.Build.0 = Debug|Any CPU
		{FFA67B85-E381-E1FA-03FF-C976F3021E4B}.Release|Any CPU.ActiveCfg = Release|Any CPU
		{FFA67B85-E381-E1FA-03FF-C976F3021E4B}.Release|Any CPU.Build.0 = Release|Any CPU
	EndGlobalSection
	GlobalSection(SolutionProperties) = preSolution
		HideSolutionNode = FALSE
	EndGlobalSection
EndGlobal
